
Microsoft Visual Studio Solution File, Format Version 12.00
# Visual Studio Version 17
VisualStudioVersion = 17.0.31903.59
MinimumVisualStudioVersion = 10.0.40219.1
Project("{9A19103F-16F7-4668-BE54-9A1E7A4F7556}") = "FSharp.VisualStudio.Extension", "src\FSharp.VisualStudio.Extension\FSharp.VisualStudio.Extension.csproj", "{14B9AB0E-2FC0-43F1-9775-20C262202D12}"
	ProjectSection(ProjectDependencies) = postProject
		{32C22659-73E8-4C5D-8514-A96FA7B3CB17} = {32C22659-73E8-4C5D-8514-A96FA7B3CB17}
	EndProjectSection
EndProject
Project("{6EC3EE1D-3C4E-46DD-8F32-0CC8E7565705}") = "FSharp.Compiler.LanguageServer", "src\FSharp.Compiler.LanguageServer\FSharp.Compiler.LanguageServer.fsproj", "{7EDDFB35-2428-4433-8ABF-47233480B746}"
EndProject
Project("{6EC3EE1D-3C4E-46DD-8F32-0CC8E7565705}") = "FSharp.Compiler.Service", "src\Compiler\FSharp.Compiler.Service.fsproj", "{0B24DCA6-902F-409E-A18C-7B1BFDDC8849}"
EndProject
Project("{6EC3EE1D-3C4E-46DD-8F32-0CC8E7565705}") = "FSharp.Core", "src\FSharp.Core\FSharp.Core.fsproj", "{5A4B66D5-A6C3-402C-A010-7A3635098DA7}"
EndProject
Project("{6EC3EE1D-3C4E-46DD-8F32-0CC8E7565705}") = "FSharp.DependencyManager.Nuget", "src\FSharp.DependencyManager.Nuget\FSharp.DependencyManager.Nuget.fsproj", "{860808CF-D092-4511-B011-6205B654031D}"
EndProject
Project("{9A19103F-16F7-4668-BE54-9A1E7A4F7556}") = "FSharp.VisualStudio.Extension.LanguageConfiguration", "C:\Users\vlza\code\fsharp\src\FSharp.VisualStudio.Extension.LanguageConfiguration\FSharp.VisualStudio.Extension.LanguageConfiguration.csproj", "{32C22659-73E8-4C5D-8514-A96FA7B3CB17}"
EndProject
Global
	GlobalSection(SolutionConfigurationPlatforms) = preSolution
		Debug|Any CPU = Debug|Any CPU
		Debug|arm64 = Debug|arm64
		Debug|x86 = Debug|x86
		Proto|Any CPU = Proto|Any CPU
		Proto|arm64 = Proto|arm64
		Proto|x86 = Proto|x86
		Release|Any CPU = Release|Any CPU
		Release|arm64 = Release|arm64
		Release|x86 = Release|x86
	EndGlobalSection
	GlobalSection(ProjectConfigurationPlatforms) = postSolution
		{14B9AB0E-2FC0-43F1-9775-20C262202D12}.Debug|Any CPU.ActiveCfg = Debug|Any CPU
		{14B9AB0E-2FC0-43F1-9775-20C262202D12}.Debug|Any CPU.Build.0 = Debug|Any CPU
		{14B9AB0E-2FC0-43F1-9775-20C262202D12}.Debug|arm64.ActiveCfg = Debug|Any CPU
		{14B9AB0E-2FC0-43F1-9775-20C262202D12}.Debug|arm64.Build.0 = Debug|Any CPU
		{14B9AB0E-2FC0-43F1-9775-20C262202D12}.Debug|arm64.Deploy.0 = Debug|Any CPU
		{14B9AB0E-2FC0-43F1-9775-20C262202D12}.Debug|x86.ActiveCfg = Debug|Any CPU
		{14B9AB0E-2FC0-43F1-9775-20C262202D12}.Debug|x86.Build.0 = Debug|Any CPU
		{14B9AB0E-2FC0-43F1-9775-20C262202D12}.Debug|x86.Deploy.0 = Debug|Any CPU
		{14B9AB0E-2FC0-43F1-9775-20C262202D12}.Proto|Any CPU.ActiveCfg = Release|Any CPU
		{14B9AB0E-2FC0-43F1-9775-20C262202D12}.Proto|Any CPU.Build.0 = Release|Any CPU
		{14B9AB0E-2FC0-43F1-9775-20C262202D12}.Proto|Any CPU.Deploy.0 = Release|Any CPU
		{14B9AB0E-2FC0-43F1-9775-20C262202D12}.Proto|arm64.ActiveCfg = Release|Any CPU
		{14B9AB0E-2FC0-43F1-9775-20C262202D12}.Proto|arm64.Build.0 = Release|Any CPU
		{14B9AB0E-2FC0-43F1-9775-20C262202D12}.Proto|arm64.Deploy.0 = Release|Any CPU
		{14B9AB0E-2FC0-43F1-9775-20C262202D12}.Proto|x86.ActiveCfg = Release|Any CPU
		{14B9AB0E-2FC0-43F1-9775-20C262202D12}.Proto|x86.Build.0 = Release|Any CPU
		{14B9AB0E-2FC0-43F1-9775-20C262202D12}.Proto|x86.Deploy.0 = Release|Any CPU
		{14B9AB0E-2FC0-43F1-9775-20C262202D12}.Release|Any CPU.ActiveCfg = Release|Any CPU
		{14B9AB0E-2FC0-43F1-9775-20C262202D12}.Release|Any CPU.Build.0 = Release|Any CPU
		{14B9AB0E-2FC0-43F1-9775-20C262202D12}.Release|arm64.ActiveCfg = Release|Any CPU
		{14B9AB0E-2FC0-43F1-9775-20C262202D12}.Release|arm64.Build.0 = Release|Any CPU
		{14B9AB0E-2FC0-43F1-9775-20C262202D12}.Release|arm64.Deploy.0 = Release|Any CPU
		{14B9AB0E-2FC0-43F1-9775-20C262202D12}.Release|x86.ActiveCfg = Release|Any CPU
		{14B9AB0E-2FC0-43F1-9775-20C262202D12}.Release|x86.Build.0 = Release|Any CPU
		{14B9AB0E-2FC0-43F1-9775-20C262202D12}.Release|x86.Deploy.0 = Release|Any CPU
		{7EDDFB35-2428-4433-8ABF-47233480B746}.Debug|Any CPU.ActiveCfg = Debug|Any CPU
		{7EDDFB35-2428-4433-8ABF-47233480B746}.Debug|Any CPU.Build.0 = Debug|Any CPU
		{7EDDFB35-2428-4433-8ABF-47233480B746}.Debug|arm64.ActiveCfg = Debug|Any CPU
		{7EDDFB35-2428-4433-8ABF-47233480B746}.Debug|arm64.Build.0 = Debug|Any CPU
		{7EDDFB35-2428-4433-8ABF-47233480B746}.Debug|x86.ActiveCfg = Debug|Any CPU
		{7EDDFB35-2428-4433-8ABF-47233480B746}.Debug|x86.Build.0 = Debug|Any CPU
		{7EDDFB35-2428-4433-8ABF-47233480B746}.Proto|Any CPU.ActiveCfg = Release|Any CPU
		{7EDDFB35-2428-4433-8ABF-47233480B746}.Proto|Any CPU.Build.0 = Release|Any CPU
		{7EDDFB35-2428-4433-8ABF-47233480B746}.Proto|arm64.ActiveCfg = Release|Any CPU
		{7EDDFB35-2428-4433-8ABF-47233480B746}.Proto|arm64.Build.0 = Release|Any CPU
		{7EDDFB35-2428-4433-8ABF-47233480B746}.Proto|x86.ActiveCfg = Release|Any CPU
		{7EDDFB35-2428-4433-8ABF-47233480B746}.Proto|x86.Build.0 = Release|Any CPU
		{7EDDFB35-2428-4433-8ABF-47233480B746}.Release|Any CPU.ActiveCfg = Release|Any CPU
		{7EDDFB35-2428-4433-8ABF-47233480B746}.Release|Any CPU.Build.0 = Release|Any CPU
		{7EDDFB35-2428-4433-8ABF-47233480B746}.Release|arm64.ActiveCfg = Release|Any CPU
		{7EDDFB35-2428-4433-8ABF-47233480B746}.Release|arm64.Build.0 = Release|Any CPU
		{7EDDFB35-2428-4433-8ABF-47233480B746}.Release|x86.ActiveCfg = Release|Any CPU
		{7EDDFB35-2428-4433-8ABF-47233480B746}.Release|x86.Build.0 = Release|Any CPU
		{0B24DCA6-902F-409E-A18C-7B1BFDDC8849}.Debug|Any CPU.ActiveCfg = Debug|Any CPU
		{0B24DCA6-902F-409E-A18C-7B1BFDDC8849}.Debug|Any CPU.Build.0 = Debug|Any CPU
		{0B24DCA6-902F-409E-A18C-7B1BFDDC8849}.Debug|arm64.ActiveCfg = Debug|Any CPU
		{0B24DCA6-902F-409E-A18C-7B1BFDDC8849}.Debug|arm64.Build.0 = Debug|Any CPU
		{0B24DCA6-902F-409E-A18C-7B1BFDDC8849}.Debug|x86.ActiveCfg = Debug|Any CPU
		{0B24DCA6-902F-409E-A18C-7B1BFDDC8849}.Debug|x86.Build.0 = Debug|Any CPU
		{0B24DCA6-902F-409E-A18C-7B1BFDDC8849}.Proto|Any CPU.ActiveCfg = Debug|Any CPU
		{0B24DCA6-902F-409E-A18C-7B1BFDDC8849}.Proto|Any CPU.Build.0 = Debug|Any CPU
		{0B24DCA6-902F-409E-A18C-7B1BFDDC8849}.Proto|arm64.ActiveCfg = Release|Any CPU
		{0B24DCA6-902F-409E-A18C-7B1BFDDC8849}.Proto|arm64.Build.0 = Release|Any CPU
		{0B24DCA6-902F-409E-A18C-7B1BFDDC8849}.Proto|x86.ActiveCfg = Release|Any CPU
		{0B24DCA6-902F-409E-A18C-7B1BFDDC8849}.Proto|x86.Build.0 = Release|Any CPU
		{0B24DCA6-902F-409E-A18C-7B1BFDDC8849}.Release|Any CPU.ActiveCfg = Release|Any CPU
		{0B24DCA6-902F-409E-A18C-7B1BFDDC8849}.Release|Any CPU.Build.0 = Release|Any CPU
		{0B24DCA6-902F-409E-A18C-7B1BFDDC8849}.Release|arm64.ActiveCfg = Release|Any CPU
		{0B24DCA6-902F-409E-A18C-7B1BFDDC8849}.Release|arm64.Build.0 = Release|Any CPU
		{0B24DCA6-902F-409E-A18C-7B1BFDDC8849}.Release|x86.ActiveCfg = Release|Any CPU
		{0B24DCA6-902F-409E-A18C-7B1BFDDC8849}.Release|x86.Build.0 = Release|Any CPU
		{5A4B66D5-A6C3-402C-A010-7A3635098DA7}.Debug|Any CPU.ActiveCfg = Debug|Any CPU
		{5A4B66D5-A6C3-402C-A010-7A3635098DA7}.Debug|Any CPU.Build.0 = Debug|Any CPU
		{5A4B66D5-A6C3-402C-A010-7A3635098DA7}.Debug|arm64.ActiveCfg = Debug|Any CPU
		{5A4B66D5-A6C3-402C-A010-7A3635098DA7}.Debug|arm64.Build.0 = Debug|Any CPU
		{5A4B66D5-A6C3-402C-A010-7A3635098DA7}.Debug|x86.ActiveCfg = Debug|Any CPU
		{5A4B66D5-A6C3-402C-A010-7A3635098DA7}.Debug|x86.Build.0 = Debug|Any CPU
		{5A4B66D5-A6C3-402C-A010-7A3635098DA7}.Proto|Any CPU.ActiveCfg = Proto|Any CPU
		{5A4B66D5-A6C3-402C-A010-7A3635098DA7}.Proto|Any CPU.Build.0 = Proto|Any CPU
		{5A4B66D5-A6C3-402C-A010-7A3635098DA7}.Proto|arm64.ActiveCfg = Proto|Any CPU
		{5A4B66D5-A6C3-402C-A010-7A3635098DA7}.Proto|arm64.Build.0 = Proto|Any CPU
		{5A4B66D5-A6C3-402C-A010-7A3635098DA7}.Proto|x86.ActiveCfg = Proto|Any CPU
		{5A4B66D5-A6C3-402C-A010-7A3635098DA7}.Proto|x86.Build.0 = Proto|Any CPU
		{5A4B66D5-A6C3-402C-A010-7A3635098DA7}.Release|Any CPU.ActiveCfg = Release|Any CPU
		{5A4B66D5-A6C3-402C-A010-7A3635098DA7}.Release|Any CPU.Build.0 = Release|Any CPU
		{5A4B66D5-A6C3-402C-A010-7A3635098DA7}.Release|arm64.ActiveCfg = Release|Any CPU
		{5A4B66D5-A6C3-402C-A010-7A3635098DA7}.Release|arm64.Build.0 = Release|Any CPU
		{5A4B66D5-A6C3-402C-A010-7A3635098DA7}.Release|x86.ActiveCfg = Release|Any CPU
		{5A4B66D5-A6C3-402C-A010-7A3635098DA7}.Release|x86.Build.0 = Release|Any CPU
		{860808CF-D092-4511-B011-6205B654031D}.Debug|Any CPU.ActiveCfg = Debug|Any CPU
		{860808CF-D092-4511-B011-6205B654031D}.Debug|Any CPU.Build.0 = Debug|Any CPU
		{860808CF-D092-4511-B011-6205B654031D}.Debug|arm64.ActiveCfg = Debug|Any CPU
		{860808CF-D092-4511-B011-6205B654031D}.Debug|arm64.Build.0 = Debug|Any CPU
		{860808CF-D092-4511-B011-6205B654031D}.Debug|x86.ActiveCfg = Debug|Any CPU
		{860808CF-D092-4511-B011-6205B654031D}.Debug|x86.Build.0 = Debug|Any CPU
		{860808CF-D092-4511-B011-6205B654031D}.Proto|Any CPU.ActiveCfg = Debug|Any CPU
		{860808CF-D092-4511-B011-6205B654031D}.Proto|Any CPU.Build.0 = Debug|Any CPU
		{860808CF-D092-4511-B011-6205B654031D}.Proto|arm64.ActiveCfg = Release|Any CPU
		{860808CF-D092-4511-B011-6205B654031D}.Proto|arm64.Build.0 = Release|Any CPU
		{860808CF-D092-4511-B011-6205B654031D}.Proto|x86.ActiveCfg = Release|Any CPU
		{860808CF-D092-4511-B011-6205B654031D}.Proto|x86.Build.0 = Release|Any CPU
		{860808CF-D092-4511-B011-6205B654031D}.Release|Any CPU.ActiveCfg = Release|Any CPU
		{860808CF-D092-4511-B011-6205B654031D}.Release|Any CPU.Build.0 = Release|Any CPU
		{860808CF-D092-4511-B011-6205B654031D}.Release|arm64.ActiveCfg = Release|Any CPU
		{860808CF-D092-4511-B011-6205B654031D}.Release|arm64.Build.0 = Release|Any CPU
		{860808CF-D092-4511-B011-6205B654031D}.Release|x86.ActiveCfg = Release|Any CPU
		{860808CF-D092-4511-B011-6205B654031D}.Release|x86.Build.0 = Release|Any CPU
		{32C22659-73E8-4C5D-8514-A96FA7B3CB17}.Debug|Any CPU.ActiveCfg = debug|Any CPU
		{32C22659-73E8-4C5D-8514-A96FA7B3CB17}.Debug|Any CPU.Build.0 = debug|Any CPU
		{32C22659-73E8-4C5D-8514-A96FA7B3CB17}.Debug|arm64.ActiveCfg = debug|arm64
		{32C22659-73E8-4C5D-8514-A96FA7B3CB17}.Debug|arm64.Build.0 = debug|arm64
		{32C22659-73E8-4C5D-8514-A96FA7B3CB17}.Debug|x86.ActiveCfg = debug|x86
		{32C22659-73E8-4C5D-8514-A96FA7B3CB17}.Debug|x86.Build.0 = debug|x86
		{32C22659-73E8-4C5D-8514-A96FA7B3CB17}.Proto|Any CPU.ActiveCfg = Proto|Any CPU
		{32C22659-73E8-4C5D-8514-A96FA7B3CB17}.Proto|Any CPU.Build.0 = Proto|Any CPU
		{32C22659-73E8-4C5D-8514-A96FA7B3CB17}.Proto|arm64.ActiveCfg = Proto|arm64
		{32C22659-73E8-4C5D-8514-A96FA7B3CB17}.Proto|arm64.Build.0 = Proto|arm64
		{32C22659-73E8-4C5D-8514-A96FA7B3CB17}.Proto|x86.ActiveCfg = Proto|x86
		{32C22659-73E8-4C5D-8514-A96FA7B3CB17}.Proto|x86.Build.0 = Proto|x86
		{32C22659-73E8-4C5D-8514-A96FA7B3CB17}.Release|Any CPU.ActiveCfg = release|Any CPU
		{32C22659-73E8-4C5D-8514-A96FA7B3CB17}.Release|Any CPU.Build.0 = release|Any CPU
		{32C22659-73E8-4C5D-8514-A96FA7B3CB17}.Release|arm64.ActiveCfg = release|arm64
		{32C22659-73E8-4C5D-8514-A96FA7B3CB17}.Release|arm64.Build.0 = release|arm64
		{32C22659-73E8-4C5D-8514-A96FA7B3CB17}.Release|x86.ActiveCfg = release|x86
		{32C22659-73E8-4C5D-8514-A96FA7B3CB17}.Release|x86.Build.0 = release|x86
	EndGlobalSection
	GlobalSection(SolutionProperties) = preSolution
		HideSolutionNode = FALSE
	EndGlobalSection
	GlobalSection(ExtensibilityGlobals) = postSolution
		SolutionGuid = {BCE01FEF-1B00-471B-81E0-A06994EC90ED}
	EndGlobalSection
EndGlobal
